
Microsoft Visual Studio Solution File, Format Version 12.00
# Visual Studio Version 17
VisualStudioVersion = 17.6.33829.357
MinimumVisualStudioVersion = 10.0.40219.1
Project("{8BC9CEB8-8B4A-11D0-8D11-00A0C91BC942}") = "Beyond_Launcher", "Loader Base.vcxproj", "{AEAA4CEF-8D6D-4061-BCF1-C31CDDCCA231}"
EndProject
Project("{8BC9CEB8-8B4A-11D0-8D11-00A0C91BC942}") = "Beyond_SYS_To_Vector", "Beyond_SYS_To_Vector\Beyond_SYS_To_Vector.vcxproj", "{C65E0E41-B823-4CEE-9979-DCF9E8304335}"
EndProject
Project("{8BC9CEB8-8B4A-11D0-8D11-00A0C91BC942}") = "BeyondDriver", "BeyondDriver\BeyondDriver.vcxproj", "{AF8BD0A4-04EB-4984-A0A4-9A3D99B0C0C6}"
EndProject
Project("{8BC9CEB8-8B4A-11D0-8D11-00A0C91BC942}") = "BeyondClient", "BeyondClient\BeyondClient.vcxproj", "{3C2F320F-5F46-45A1-BDD0-BA7439B1D9D0}"
EndProject
Global
	GlobalSection(SolutionConfigurationPlatforms) = preSolution
		Debug|ARM = Debug|ARM
		Debug|ARM64 = Debug|ARM64
		Debug|x64 = Debug|x64
		Debug|x86 = Debug|x86
		No Gui|ARM = No Gui|ARM
		No Gui|ARM64 = No Gui|ARM64
		No Gui|x64 = No Gui|x64
		No Gui|x86 = No Gui|x86
		Release|ARM = Release|ARM
		Release|ARM64 = Release|ARM64
		Release|x64 = Release|x64
		Release|x86 = Release|x86
	EndGlobalSection
	GlobalSection(ProjectConfigurationPlatforms) = postSolution
		{AEAA4CEF-8D6D-4061-BCF1-C31CDDCCA231}.Debug|ARM.ActiveCfg = Debug|x64
		{AEAA4CEF-8D6D-4061-BCF1-C31CDDCCA231}.Debug|ARM.Build.0 = Debug|x64
		{AEAA4CEF-8D6D-4061-BCF1-C31CDDCCA231}.Debug|ARM64.ActiveCfg = Debug|x64
		{AEAA4CEF-8D6D-4061-BCF1-C31CDDCCA231}.Debug|ARM64.Build.0 = Debug|x64
		{AEAA4CEF-8D6D-4061-BCF1-C31CDDCCA231}.Debug|x64.ActiveCfg = NoGui|x64
		{AEAA4CEF-8D6D-4061-BCF1-C31CDDCCA231}.Debug|x64.Build.0 = NoGui|x64
		{AEAA4CEF-8D6D-4061-BCF1-C31CDDCCA231}.Debug|x86.ActiveCfg = Debug|Win32
		{AEAA4CEF-8D6D-4061-BCF1-C31CDDCCA231}.Debug|x86.Build.0 = Debug|Win32
		{AEAA4CEF-8D6D-4061-BCF1-C31CDDCCA231}.No Gui|ARM.ActiveCfg = NoGui|x64
		{AEAA4CEF-8D6D-4061-BCF1-C31CDDCCA231}.No Gui|ARM.Build.0 = NoGui|x64
		{AEAA4CEF-8D6D-4061-BCF1-C31CDDCCA231}.No Gui|ARM64.ActiveCfg = NoGui|x64
		{AEAA4CEF-8D6D-4061-BCF1-C31CDDCCA231}.No Gui|ARM64.Build.0 = NoGui|x64
		{AEAA4CEF-8D6D-4061-BCF1-C31CDDCCA231}.No Gui|x64.ActiveCfg = NoGui|x64
		{AEAA4CEF-8D6D-4061-BCF1-C31CDDCCA231}.No Gui|x64.Build.0 = NoGui|x64
		{AEAA4CEF-8D6D-4061-BCF1-C31CDDCCA231}.No Gui|x86.ActiveCfg = NoGui|Win32
		{AEAA4CEF-8D6D-4061-BCF1-C31CDDCCA231}.No Gui|x86.Build.0 = NoGui|Win32
		{AEAA4CEF-8D6D-4061-BCF1-C31CDDCCA231}.Release|ARM.ActiveCfg = Release|x64
		{AEAA4CEF-8D6D-4061-BCF1-C31CDDCCA231}.Release|ARM.Build.0 = Release|x64
		{AEAA4CEF-8D6D-4061-BCF1-C31CDDCCA231}.Release|ARM64.ActiveCfg = Release|x64
		{AEAA4CEF-8D6D-4061-BCF1-C31CDDCCA231}.Release|ARM64.Build.0 = Release|x64
		{AEAA4CEF-8D6D-4061-BCF1-C31CDDCCA231}.Release|x64.ActiveCfg = Release|x64
		{AEAA4CEF-8D6D-4061-BCF1-C31CDDCCA231}.Release|x64.Build.0 = Release|x64
		{AEAA4CEF-8D6D-4061-BCF1-C31CDDCCA231}.Release|x86.ActiveCfg = Release|Win32
		{AEAA4CEF-8D6D-4061-BCF1-C31CDDCCA231}.Release|x86.Build.0 = Release|Win32
		{C65E0E41-B823-4CEE-9979-DCF9E8304335}.Debug|ARM.ActiveCfg = Debug|x64
		{C65E0E41-B823-4CEE-9979-DCF9E8304335}.Debug|ARM.Build.0 = Debug|x64
		{C65E0E41-B823-4CEE-9979-DCF9E8304335}.Debug|ARM64.ActiveCfg = Debug|x64
		{C65E0E41-B823-4CEE-9979-DCF9E8304335}.Debug|ARM64.Build.0 = Debug|x64
		{C65E0E41-B823-4CEE-9979-DCF9E8304335}.Debug|x64.ActiveCfg = Debug|x64
		{C65E0E41-B823-4CEE-9979-DCF9E8304335}.Debug|x64.Build.0 = Debug|x64
		{C65E0E41-B823-4CEE-9979-DCF9E8304335}.Debug|x86.ActiveCfg = Debug|Win32
		{C65E0E41-B823-4CEE-9979-DCF9E8304335}.Debug|x86.Build.0 = Debug|Win32
		{C65E0E41-B823-4CEE-9979-DCF9E8304335}.No Gui|ARM.ActiveCfg = Release|x64
		{C65E0E41-B823-4CEE-9979-DCF9E8304335}.No Gui|ARM.Build.0 = Release|x64
		{C65E0E41-B823-4CEE-9979-DCF9E8304335}.No Gui|ARM64.ActiveCfg = Release|x64
		{C65E0E41-B823-4CEE-9979-DCF9E8304335}.No Gui|ARM64.Build.0 = Release|x64
		{C65E0E41-B823-4CEE-9979-DCF9E8304335}.No Gui|x64.ActiveCfg = Release|x64
		{C65E0E41-B823-4CEE-9979-DCF9E8304335}.No Gui|x64.Build.0 = Release|x64
		{C65E0E41-B823-4CEE-9979-DCF9E8304335}.No Gui|x86.ActiveCfg = Release|Win32
		{C65E0E41-B823-4CEE-9979-DCF9E8304335}.No Gui|x86.Build.0 = Release|Win32
		{C65E0E41-B823-4CEE-9979-DCF9E8304335}.Release|ARM.ActiveCfg = Release|x64
		{C65E0E41-B823-4CEE-9979-DCF9E8304335}.Release|ARM.Build.0 = Release|x64
		{C65E0E41-B823-4CEE-9979-DCF9E8304335}.Release|ARM64.ActiveCfg = Release|x64
		{C65E0E41-B823-4CEE-9979-DCF9E8304335}.Release|ARM64.Build.0 = Release|x64
		{C65E0E41-B823-4CEE-9979-DCF9E8304335}.Release|x64.ActiveCfg = Release|x64
		{C65E0E41-B823-4CEE-9979-DCF9E8304335}.Release|x64.Build.0 = Release|x64
		{C65E0E41-B823-4CEE-9979-DCF9E8304335}.Release|x86.ActiveCfg = Release|Win32
		{C65E0E41-B823-4CEE-9979-DCF9E8304335}.Release|x86.Build.0 = Release|Win32
		{AF8BD0A4-04EB-4984-A0A4-9A3D99B0C0C6}.Debug|ARM.ActiveCfg = Debug|ARM
		{AF8BD0A4-04EB-4984-A0A4-9A3D99B0C0C6}.Debug|ARM.Build.0 = Debug|ARM
		{AF8BD0A4-04EB-4984-A0A4-9A3D99B0C0C6}.Debug|ARM64.ActiveCfg = Debug|ARM64
		{AF8BD0A4-04EB-4984-A0A4-9A3D99B0C0C6}.Debug|ARM64.Build.0 = Debug|ARM64
		{AF8BD0A4-04EB-4984-A0A4-9A3D99B0C0C6}.Debug|x64.ActiveCfg = Debug|x64
		{AF8BD0A4-04EB-4984-A0A4-9A3D99B0C0C6}.Debug|x64.Build.0 = Debug|x64
		{AF8BD0A4-04EB-4984-A0A4-9A3D99B0C0C6}.Debug|x86.ActiveCfg = Debug|Win32
		{AF8BD0A4-04EB-4984-A0A4-9A3D99B0C0C6}.Debug|x86.Build.0 = Debug|Win32
		{AF8BD0A4-04EB-4984-A0A4-9A3D99B0C0C6}.No Gui|ARM.ActiveCfg = Release|ARM
		{AF8BD0A4-04EB-4984-A0A4-9A3D99B0C0C6}.No Gui|ARM.Build.0 = Release|ARM
		{AF8BD0A4-04EB-4984-A0A4-9A3D99B0C0C6}.No Gui|ARM64.ActiveCfg = Release|ARM64
		{AF8BD0A4-04EB-4984-A0A4-9A3D99B0C0C6}.No Gui|ARM64.Build.0 = Release|ARM64
		{AF8BD0A4-04EB-4984-A0A4-9A3D99B0C0C6}.No Gui|x64.ActiveCfg = Release|x64
		{AF8BD0A4-04EB-4984-A0A4-9A3D99B0C0C6}.No Gui|x64.Build.0 = Release|x64
		{AF8BD0A4-04EB-4984-A0A4-9A3D99B0C0C6}.No Gui|x86.ActiveCfg = Release|Win32
		{AF8BD0A4-04EB-4984-A0A4-9A3D99B0C0C6}.No Gui|x86.Build.0 = Release|Win32
		{AF8BD0A4-04EB-4984-A0A4-9A3D99B0C0C6}.Release|ARM.ActiveCfg = Release|ARM
		{AF8BD0A4-04EB-4984-A0A4-9A3D99B0C0C6}.Release|ARM.Build.0 = Release|ARM
		{AF8BD0A4-04EB-4984-A0A4-9A3D99B0C0C6}.Release|ARM64.ActiveCfg = Release|ARM64
		{AF8BD0A4-04EB-4984-A0A4-9A3D99B0C0C6}.Release|ARM64.Build.0 = Release|ARM64
		{AF8BD0A4-04EB-4984-A0A4-9A3D99B0C0C6}.Release|x64.ActiveCfg = Release|x64
		{AF8BD0A4-04EB-4984-A0A4-9A3D99B0C0C6}.Release|x64.Build.0 = Release|x64
		{AF8BD0A4-04EB-4984-A0A4-9A3D99B0C0C6}.Release|x86.ActiveCfg = Release|Win32
		{AF8BD0A4-04EB-4984-A0A4-9A3D99B0C0C6}.Release|x86.Build.0 = Release|Win32
		{3C2F320F-5F46-45A1-BDD0-BA7439B1D9D0}.Debug|ARM.ActiveCfg = Debug|x64
		{3C2F320F-5F46-45A1-BDD0-BA7439B1D9D0}.Debug|ARM.Build.0 = Debug|x64
		{3C2F320F-5F46-45A1-BDD0-BA7439B1D9D0}.Debug|ARM64.ActiveCfg = Debug|x64
		{3C2F320F-5F46-45A1-BDD0-BA7439B1D9D0}.Debug|ARM64.Build.0 = Debug|x64
		{3C2F320F-5F46-45A1-BDD0-BA7439B1D9D0}.Debug|x64.ActiveCfg = Debug|x64
		{3C2F320F-5F46-45A1-BDD0-BA7439B1D9D0}.Debug|x64.Build.0 = Debug|x64
		{3C2F320F-5F46-45A1-BDD0-BA7439B1D9D0}.Debug|x86.ActiveCfg = Debug|Win32
		{3C2F320F-5F46-45A1-BDD0-BA7439B1D9D0}.Debug|x86.Build.0 = Debug|Win32
		{3C2F320F-5F46-45A1-BDD0-BA7439B1D9D0}.No Gui|ARM.ActiveCfg = Release|x64
		{3C2F320F-5F46-45A1-BDD0-BA7439B1D9D0}.No Gui|ARM.Build.0 = Release|x64
		{3C2F320F-5F46-45A1-BDD0-BA7439B1D9D0}.No Gui|ARM64.ActiveCfg = Release|x64
		{3C2F320F-5F46-45A1-BDD0-BA7439B1D9D0}.No Gui|ARM64.Build.0 = Release|x64
		{3C2F320F-5F46-45A1-BDD0-BA7439B1D9D0}.No Gui|x64.ActiveCfg = Release|x64
		{3C2F320F-5F46-45A1-BDD0-BA7439B1D9D0}.No Gui|x64.Build.0 = Release|x64
		{3C2F320F-5F46-45A1-BDD0-BA7439B1D9D0}.No Gui|x86.ActiveCfg = Release|Win32
		{3C2F320F-5F46-45A1-BDD0-BA7439B1D9D0}.No Gui|x86.Build.0 = Release|Win32
		{3C2F320F-5F46-45A1-BDD0-BA7439B1D9D0}.Release|ARM.ActiveCfg = Release|x64
		{3C2F320F-5F46-45A1-BDD0-BA7439B1D9D0}.Release|ARM.Build.0 = Release|x64
		{3C2F320F-5F46-45A1-BDD0-BA7439B1D9D0}.Release|ARM64.ActiveCfg = Release|x64
		{3C2F320F-5F46-45A1-BDD0-BA7439B1D9D0}.Release|ARM64.Build.0 = Release|x64
		{3C2F320F-5F46-45A1-BDD0-BA7439B1D9D0}.Release|x64.ActiveCfg = Release|x64
		{3C2F320F-5F46-45A1-BDD0-BA7439B1D9D0}.Release|x64.Build.0 = Release|x64
		{3C2F320F-5F46-45A1-BDD0-BA7439B1D9D0}.Release|x86.ActiveCfg = Release|Win32
		{3C2F320F-5F46-45A1-BDD0-BA7439B1D9D0}.Release|x86.Build.0 = Release|Win32
	EndGlobalSection
	GlobalSection(SolutionProperties) = preSolution
		HideSolutionNode = FALSE
	EndGlobalSection
	GlobalSection(ExtensibilityGlobals) = postSolution
		SolutionGuid = {D24F0276-5924-4762-96C3-86AFE66E2846}
	EndGlobalSection
EndGlobal
